
Microsoft Visual Studio Solution File, Format Version 12.00
# Visual Studio Version 16
VisualStudioVersion = 16.0.30114.105
MinimumVisualStudioVersion = 10.0.40219.1
Project("{2150E333-8FDC-42A3-9474-1A3956D46DE8}") = "Chapter-01 Array and Strings", "Chapter-01 Array and Strings", "{E263E2CC-D8E6-49C5-8344-E1A650E3388C}"
EndProject
Project("{FAE04EC0-301F-11D3-BF4B-00C04F79EFBC}") = "IsUnique", "Chapter-01 Array and Strings\IsUnique\IsUnique.csproj", "{BFED436C-A99A-40B5-AA0A-ACC1036B315D}"
EndProject
Project("{FAE04EC0-301F-11D3-BF4B-00C04F79EFBC}") = "CheckPermutation", "Chapter-01 Array and Strings\CheckPermutation\CheckPermutation.csproj", "{9A051480-4021-4919-8B61-57EAC52424AC}"
EndProject
Project("{FAE04EC0-301F-11D3-BF4B-00C04F79EFBC}") = "URLify", "Chapter-01 Array and Strings\URLify\URLify.csproj", "{8107168D-F834-4E10-A847-E0D7DE4E9AC5}"
EndProject
Project("{FAE04EC0-301F-11D3-BF4B-00C04F79EFBC}") = "PalindromePermutation", "Chapter-01 Array and Strings\PalindromePermutation\PalindromePermutation.csproj", "{3615A244-43D2-42F6-8FEC-8C9B853230A7}"
EndProject
Project("{FAE04EC0-301F-11D3-BF4B-00C04F79EFBC}") = "OneAway", "Chapter-01 Array and Strings\OneAway\OneAway.csproj", "{D017F224-80CF-4A50-BFC3-ADAA3218E1A8}"
EndProject
Global
	GlobalSection(SolutionProperties) = preSolution
		HideSolutionNode = FALSE
	EndGlobalSection
	GlobalSection(SolutionConfigurationPlatforms) = preSolution
		Debug|Any CPU = Debug|Any CPU
		Debug|x64 = Debug|x64
		Debug|x86 = Debug|x86
		Release|Any CPU = Release|Any CPU
		Release|x64 = Release|x64
		Release|x86 = Release|x86
	EndGlobalSection
	GlobalSection(ProjectConfigurationPlatforms) = postSolution
		{BFED436C-A99A-40B5-AA0A-ACC1036B315D}.Debug|Any CPU.ActiveCfg = Debug|Any CPU
		{BFED436C-A99A-40B5-AA0A-ACC1036B315D}.Debug|Any CPU.Build.0 = Debug|Any CPU
		{BFED436C-A99A-40B5-AA0A-ACC1036B315D}.Debug|x64.ActiveCfg = Debug|Any CPU
		{BFED436C-A99A-40B5-AA0A-ACC1036B315D}.Debug|x64.Build.0 = Debug|Any CPU
		{BFED436C-A99A-40B5-AA0A-ACC1036B315D}.Debug|x86.ActiveCfg = Debug|Any CPU
		{BFED436C-A99A-40B5-AA0A-ACC1036B315D}.Debug|x86.Build.0 = Debug|Any CPU
		{BFED436C-A99A-40B5-AA0A-ACC1036B315D}.Release|Any CPU.ActiveCfg = Release|Any CPU
		{BFED436C-A99A-40B5-AA0A-ACC1036B315D}.Release|Any CPU.Build.0 = Release|Any CPU
		{BFED436C-A99A-40B5-AA0A-ACC1036B315D}.Release|x64.ActiveCfg = Release|Any CPU
		{BFED436C-A99A-40B5-AA0A-ACC1036B315D}.Release|x64.Build.0 = Release|Any CPU
		{BFED436C-A99A-40B5-AA0A-ACC1036B315D}.Release|x86.ActiveCfg = Release|Any CPU
		{BFED436C-A99A-40B5-AA0A-ACC1036B315D}.Release|x86.Build.0 = Release|Any CPU
		{9A051480-4021-4919-8B61-57EAC52424AC}.Debug|Any CPU.ActiveCfg = Debug|Any CPU
		{9A051480-4021-4919-8B61-57EAC52424AC}.Debug|Any CPU.Build.0 = Debug|Any CPU
		{9A051480-4021-4919-8B61-57EAC52424AC}.Debug|x64.ActiveCfg = Debug|Any CPU
		{9A051480-4021-4919-8B61-57EAC52424AC}.Debug|x64.Build.0 = Debug|Any CPU
		{9A051480-4021-4919-8B61-57EAC52424AC}.Debug|x86.ActiveCfg = Debug|Any CPU
		{9A051480-4021-4919-8B61-57EAC52424AC}.Debug|x86.Build.0 = Debug|Any CPU
		{9A051480-4021-4919-8B61-57EAC52424AC}.Release|Any CPU.ActiveCfg = Release|Any CPU
		{9A051480-4021-4919-8B61-57EAC52424AC}.Release|Any CPU.Build.0 = Release|Any CPU
		{9A051480-4021-4919-8B61-57EAC52424AC}.Release|x64.ActiveCfg = Release|Any CPU
		{9A051480-4021-4919-8B61-57EAC52424AC}.Release|x64.Build.0 = Release|Any CPU
		{9A051480-4021-4919-8B61-57EAC52424AC}.Release|x86.ActiveCfg = Release|Any CPU
		{9A051480-4021-4919-8B61-57EAC52424AC}.Release|x86.Build.0 = Release|Any CPU
		{8107168D-F834-4E10-A847-E0D7DE4E9AC5}.Debug|Any CPU.ActiveCfg = Debug|Any CPU
		{8107168D-F834-4E10-A847-E0D7DE4E9AC5}.Debug|Any CPU.Build.0 = Debug|Any CPU
		{8107168D-F834-4E10-A847-E0D7DE4E9AC5}.Debug|x64.ActiveCfg = Debug|Any CPU
		{8107168D-F834-4E10-A847-E0D7DE4E9AC5}.Debug|x64.Build.0 = Debug|Any CPU
		{8107168D-F834-4E10-A847-E0D7DE4E9AC5}.Debug|x86.ActiveCfg = Debug|Any CPU
		{8107168D-F834-4E10-A847-E0D7DE4E9AC5}.Debug|x86.Build.0 = Debug|Any CPU
		{8107168D-F834-4E10-A847-E0D7DE4E9AC5}.Release|Any CPU.ActiveCfg = Release|Any CPU
		{8107168D-F834-4E10-A847-E0D7DE4E9AC5}.Release|Any CPU.Build.0 = Release|Any CPU
		{8107168D-F834-4E10-A847-E0D7DE4E9AC5}.Release|x64.ActiveCfg = Release|Any CPU
		{8107168D-F834-4E10-A847-E0D7DE4E9AC5}.Release|x64.Build.0 = Release|Any CPU
		{8107168D-F834-4E10-A847-E0D7DE4E9AC5}.Release|x86.ActiveCfg = Release|Any CPU
		{8107168D-F834-4E10-A847-E0D7DE4E9AC5}.Release|x86.Build.0 = Release|Any CPU
		{3615A244-43D2-42F6-8FEC-8C9B853230A7}.Debug|Any CPU.ActiveCfg = Debug|Any CPU
		{3615A244-43D2-42F6-8FEC-8C9B853230A7}.Debug|Any CPU.Build.0 = Debug|Any CPU
		{3615A244-43D2-42F6-8FEC-8C9B853230A7}.Debug|x64.ActiveCfg = Debug|Any CPU
		{3615A244-43D2-42F6-8FEC-8C9B853230A7}.Debug|x64.Build.0 = Debug|Any CPU
		{3615A244-43D2-42F6-8FEC-8C9B853230A7}.Debug|x86.ActiveCfg = Debug|Any CPU
		{3615A244-43D2-42F6-8FEC-8C9B853230A7}.Debug|x86.Build.0 = Debug|Any CPU
		{3615A244-43D2-42F6-8FEC-8C9B853230A7}.Release|Any CPU.ActiveCfg = Release|Any CPU
		{3615A244-43D2-42F6-8FEC-8C9B853230A7}.Release|Any CPU.Build.0 = Release|Any CPU
		{3615A244-43D2-42F6-8FEC-8C9B853230A7}.Release|x64.ActiveCfg = Release|Any CPU
		{3615A244-43D2-42F6-8FEC-8C9B853230A7}.Release|x64.Build.0 = Release|Any CPU
		{3615A244-43D2-42F6-8FEC-8C9B853230A7}.Release|x86.ActiveCfg = Release|Any CPU
		{3615A244-43D2-42F6-8FEC-8C9B853230A7}.Release|x86.Build.0 = Release|Any CPU
		{D017F224-80CF-4A50-BFC3-ADAA3218E1A8}.Debug|Any CPU.ActiveCfg = Debug|Any CPU
		{D017F224-80CF-4A50-BFC3-ADAA3218E1A8}.Debug|Any CPU.Build.0 = Debug|Any CPU
		{D017F224-80CF-4A50-BFC3-ADAA3218E1A8}.Debug|x64.ActiveCfg = Debug|Any CPU
		{D017F224-80CF-4A50-BFC3-ADAA3218E1A8}.Debug|x64.Build.0 = Debug|Any CPU
		{D017F224-80CF-4A50-BFC3-ADAA3218E1A8}.Debug|x86.ActiveCfg = Debug|Any CPU
		{D017F224-80CF-4A50-BFC3-ADAA3218E1A8}.Debug|x86.Build.0 = Debug|Any CPU
		{D017F224-80CF-4A50-BFC3-ADAA3218E1A8}.Release|Any CPU.ActiveCfg = Release|Any CPU
		{D017F224-80CF-4A50-BFC3-ADAA3218E1A8}.Release|Any CPU.Build.0 = Release|Any CPU
		{D017F224-80CF-4A50-BFC3-ADAA3218E1A8}.Release|x64.ActiveCfg = Release|Any CPU
		{D017F224-80CF-4A50-BFC3-ADAA3218E1A8}.Release|x64.Build.0 = Release|Any CPU
		{D017F224-80CF-4A50-BFC3-ADAA3218E1A8}.Release|x86.ActiveCfg = Release|Any CPU
		{D017F224-80CF-4A50-BFC3-ADAA3218E1A8}.Release|x86.Build.0 = Release|Any CPU
	EndGlobalSection
	GlobalSection(NestedProjects) = preSolution
		{BFED436C-A99A-40B5-AA0A-ACC1036B315D} = {E263E2CC-D8E6-49C5-8344-E1A650E3388C}
		{9A051480-4021-4919-8B61-57EAC52424AC} = {E263E2CC-D8E6-49C5-8344-E1A650E3388C}
		{8107168D-F834-4E10-A847-E0D7DE4E9AC5} = {E263E2CC-D8E6-49C5-8344-E1A650E3388C}
		{3615A244-43D2-42F6-8FEC-8C9B853230A7} = {E263E2CC-D8E6-49C5-8344-E1A650E3388C}
		{D017F224-80CF-4A50-BFC3-ADAA3218E1A8} = {E263E2CC-D8E6-49C5-8344-E1A650E3388C}
	EndGlobalSection
EndGlobal
